
Microsoft Visual Studio Solution File, Format Version 12.00
# Visual Studio Version 17
VisualStudioVersion = 17.5.33502.453
MinimumVisualStudioVersion = 10.0.40219.1
Project("{FAE04EC0-301F-11D3-BF4B-00C04F79EFBC}") = "regular2", "regular2.csproj", "{BCFDAB40-EC63-428F-B6F8-2F26CF55D6E7}"
EndProject
Global
	GlobalSection(SolutionConfigurationPlatforms) = preSolution
		Debug|Any CPU = Debug|Any CPU
		Release|Any CPU = Release|Any CPU
	EndGlobalSection
	GlobalSection(ProjectConfigurationPlatforms) = postSolution
		{BCFDAB40-EC63-428F-B6F8-2F26CF55D6E7}.Debug|Any CPU.ActiveCfg = Debug|Any CPU
		{BCFDAB40-EC63-428F-B6F8-2F26CF55D6E7}.Debug|Any CPU.Build.0 = Debug|Any CPU
		{BCFDAB40-EC63-428F-B6F8-2F26CF55D6E7}.Release|Any CPU.ActiveCfg = Release|Any CPU
		{BCFDAB40-EC63-428F-B6F8-2F26CF55D6E7}.Release|Any CPU.Build.0 = Release|Any CPU
	EndGlobalSection
	GlobalSection(SolutionProperties) = preSolution
		HideSolutionNode = FALSE
	EndGlobalSection
	GlobalSection(ExtensibilityGlobals) = postSolution
		SolutionGuid = {B04D1946-0FB1-4692-A392-1567F7BBA676}
	EndGlobalSection
EndGlobal
